// !$*UTF8*$!
{
	archiveVersion = 1;
	classes = {
	};
	objectVersion = 46;
	objects = {

/* Begin PBXBuildFile section */
		A1407FE81831956700A3A430 /* UIKit.framework in Frameworks */ = {isa = PBXBuildFile; fileRef = A1407FE71831956700A3A430 /* UIKit.framework */; };
		A1407FEA1831956700A3A430 /* Foundation.framework in Frameworks */ = {isa = PBXBuildFile; fileRef = A1407FE91831956700A3A430 /* Foundation.framework */; };
		A1407FEC1831956700A3A430 /* CoreGraphics.framework in Frameworks */ = {isa = PBXBuildFile; fileRef = A1407FEB1831956700A3A430 /* CoreGraphics.framework */; };
		A1407FF21831956700A3A430 /* InfoPlist.strings in Resources */ = {isa = PBXBuildFile; fileRef = A1407FF01831956700A3A430 /* InfoPlist.strings */; };
		A1407FF41831956700A3A430 /* main.m in Sources */ = {isa = PBXBuildFile; fileRef = A1407FF31831956700A3A430 /* main.m */; };
		A1407FF81831956700A3A430 /* SetAppDelegate.m in Sources */ = {isa = PBXBuildFile; fileRef = A1407FF71831956700A3A430 /* SetAppDelegate.m */; };
		A1407FFA1831956700A3A430 /* Default.png in Resources */ = {isa = PBXBuildFile; fileRef = A1407FF91831956700A3A430 /* Default.png */; };
		A1407FFC1831956700A3A430 /* Default@2x.png in Resources */ = {isa = PBXBuildFile; fileRef = A1407FFB1831956700A3A430 /* Default@2x.png */; };
		A1407FFE1831956700A3A430 /* Default-568h@2x.png in Resources */ = {isa = PBXBuildFile; fileRef = A1407FFD1831956700A3A430 /* Default-568h@2x.png */; };
		A14080011831956700A3A430 /* MainStoryboard.storyboard in Resources */ = {isa = PBXBuildFile; fileRef = A1407FFF1831956700A3A430 /* MainStoryboard.storyboard */; };
		A14080041831956700A3A430 /* SetViewController.m in Sources */ = {isa = PBXBuildFile; fileRef = A14080031831956700A3A430 /* SetViewController.m */; };
/* End PBXBuildFile section */

/* Begin PBXFileReference section */
		A1407FE41831956700A3A430 /* PolymorphicSet.app */ = {isa = PBXFileReference; explicitFileType = wrapper.application; includeInIndex = 0; path = PolymorphicSet.app; sourceTree = BUILT_PRODUCTS_DIR; };
		A1407FE71831956700A3A430 /* UIKit.framework */ = {isa = PBXFileReference; lastKnownFileType = wrapper.framework; name = UIKit.framework; path = System/Library/Frameworks/UIKit.framework; sourceTree = SDKROOT; };
		A1407FE91831956700A3A430 /* Foundation.framework */ = {isa = PBXFileReference; lastKnownFileType = wrapper.framework; name = Foundation.framework; path = System/Library/Frameworks/Foundation.framework; sourceTree = SDKROOT; };
		A1407FEB1831956700A3A430 /* CoreGraphics.framework */ = {isa = PBXFileReference; lastKnownFileType = wrapper.framework; name = CoreGraphics.framework; path = System/Library/Frameworks/CoreGraphics.framework; sourceTree = SDKROOT; };
		A1407FEF1831956700A3A430 /* PolymorphicSet-Info.plist */ = {isa = PBXFileReference; lastKnownFileType = text.plist.xml; path = "PolymorphicSet-Info.plist"; sourceTree = "<group>"; };
		A1407FF11831956700A3A430 /* en */ = {isa = PBXFileReference; lastKnownFileType = text.plist.strings; name = en; path = en.lproj/InfoPlist.strings; sourceTree = "<group>"; };
		A1407FF31831956700A3A430 /* main.m */ = {isa = PBXFileReference; lastKnownFileType = sourcecode.c.objc; path = main.m; sourceTree = "<group>"; };
		A1407FF51831956700A3A430 /* PolymorphicSet-Prefix.pch */ = {isa = PBXFileReference; lastKnownFileType = sourcecode.c.h; path = "PolymorphicSet-Prefix.pch"; sourceTree = "<group>"; };
		A1407FF61831956700A3A430 /* SetAppDelegate.h */ = {isa = PBXFileReference; lastKnownFileType = sourcecode.c.h; path = SetAppDelegate.h; sourceTree = "<group>"; };
		A1407FF71831956700A3A430 /* SetAppDelegate.m */ = {isa = PBXFileReference; lastKnownFileType = sourcecode.c.objc; path = SetAppDelegate.m; sourceTree = "<group>"; };
		A1407FF91831956700A3A430 /* Default.png */ = {isa = PBXFileReference; lastKnownFileType = image.png; path = Default.png; sourceTree = "<group>"; };
		A1407FFB1831956700A3A430 /* Default@2x.png */ = {isa = PBXFileReference; lastKnownFileType = image.png; path = "Default@2x.png"; sourceTree = "<group>"; };
		A1407FFD1831956700A3A430 /* Default-568h@2x.png */ = {isa = PBXFileReference; lastKnownFileType = image.png; path = "Default-568h@2x.png"; sourceTree = "<group>"; };
		A14080001831956700A3A430 /* en */ = {isa = PBXFileReference; lastKnownFileType = file.storyboard; name = en; path = en.lproj/MainStoryboard.storyboard; sourceTree = "<group>"; };
		A14080021831956700A3A430 /* SetViewController.h */ = {isa = PBXFileReference; lastKnownFileType = sourcecode.c.h; path = SetViewController.h; sourceTree = "<group>"; };
		A14080031831956700A3A430 /* SetViewController.m */ = {isa = PBXFileReference; lastKnownFileType = sourcecode.c.objc; path = SetViewController.m; sourceTree = "<group>"; };
/* End PBXFileReference section */

/* Begin PBXFrameworksBuildPhase section */
		A1407FE11831956700A3A430 /* Frameworks */ = {
			isa = PBXFrameworksBuildPhase;
			buildActionMask = 2147483647;
			files = (
				A1407FE81831956700A3A430 /* UIKit.framework in Frameworks */,
				A1407FEA1831956700A3A430 /* Foundation.framework in Frameworks */,
				A1407FEC1831956700A3A430 /* CoreGraphics.framework in Frameworks */,
			);
			runOnlyForDeploymentPostprocessing = 0;
		};
/* End PBXFrameworksBuildPhase section */

/* Begin PBXGroup section */
		A1407FDB1831956600A3A430 = {
			isa = PBXGroup;
			children = (
				A1407FED1831956700A3A430 /* PolymorphicSet */,
				A1407FE61831956700A3A430 /* Frameworks */,
				A1407FE51831956700A3A430 /* Products */,
			);
			sourceTree = "<group>";
		};
		A1407FE51831956700A3A430 /* Products */ = {
			isa = PBXGroup;
			children = (
				A1407FE41831956700A3A430 /* PolymorphicSet.app */,
			);
			name = Products;
			sourceTree = "<group>";
		};
		A1407FE61831956700A3A430 /* Frameworks */ = {
			isa = PBXGroup;
			children = (
				A1407FE71831956700A3A430 /* UIKit.framework */,
				A1407FE91831956700A3A430 /* Foundation.framework */,
				A1407FEB1831956700A3A430 /* CoreGraphics.framework */,
			);
			name = Frameworks;
			sourceTree = "<group>";
		};
		A1407FED1831956700A3A430 /* PolymorphicSet */ = {
			isa = PBXGroup;
			children = (
				A1407FF61831956700A3A430 /* SetAppDelegate.h */,
				A1407FF71831956700A3A430 /* SetAppDelegate.m */,
				A1407FFF1831956700A3A430 /* MainStoryboard.storyboard */,
				A14080021831956700A3A430 /* SetViewController.h */,
				A14080031831956700A3A430 /* SetViewController.m */,
				A1407FEE1831956700A3A430 /* Supporting Files */,
			);
			path = PolymorphicSet;
			sourceTree = "<group>";
		};
		A1407FEE1831956700A3A430 /* Supporting Files */ = {
			isa = PBXGroup;
			children = (
				A1407FEF1831956700A3A430 /* PolymorphicSet-Info.plist */,
				A1407FF01831956700A3A430 /* InfoPlist.strings */,
				A1407FF31831956700A3A430 /* main.m */,
				A1407FF51831956700A3A430 /* PolymorphicSet-Prefix.pch */,
				A1407FF91831956700A3A430 /* Default.png */,
				A1407FFB1831956700A3A430 /* Default@2x.png */,
				A1407FFD1831956700A3A430 /* Default-568h@2x.png */,
			);
			name = "Supporting Files";
			sourceTree = "<group>";
		};
/* End PBXGroup section */

/* Begin PBXNativeTarget section */
		A1407FE31831956700A3A430 /* PolymorphicSet */ = {
			isa = PBXNativeTarget;
			buildConfigurationList = A14080071831956700A3A430 /* Build configuration list for PBXNativeTarget "PolymorphicSet" */;
			buildPhases = (
				A1407FE01831956700A3A430 /* Sources */,
				A1407FE11831956700A3A430 /* Frameworks */,
				A1407FE21831956700A3A430 /* Resources */,
			);
			buildRules = (
			);
			dependencies = (
			);
			name = PolymorphicSet;
			productName = PolymorphicSet;
			productReference = A1407FE41831956700A3A430 /* PolymorphicSet.app */;
			productType = "com.apple.product-type.application";
		};
/* End PBXNativeTarget section */

/* Begin PBXProject section */
		A1407FDC1831956600A3A430 /* Project object */ = {
			isa = PBXProject;
			attributes = {
				CLASSPREFIX = Set;
				LastUpgradeCheck = 0460;
				ORGANIZATIONNAME = "Andrew Ke";
			};
			buildConfigurationList = A1407FDF1831956600A3A430 /* Build configuration list for PBXProject "PolymorphicSet" */;
			compatibilityVersion = "Xcode 3.2";
			developmentRegion = English;
			hasScannedForEncodings = 0;
			knownRegions = (
				en,
			);
			mainGroup = A1407FDB1831956600A3A430;
			productRefGroup = A1407FE51831956700A3A430 /* Products */;
			projectDirPath = "";
			projectRoot = "";
			targets = (
				A1407FE31831956700A3A430 /* PolymorphicSet */,
			);
		};
/* End PBXProject section */

/* Begin PBXResourcesBuildPhase section */
		A1407FE21831956700A3A430 /* Resources */ = {
			isa = PBXResourcesBuildPhase;
			buildActionMask = 2147483647;
			files = (
				A1407FF21831956700A3A430 /* InfoPlist.strings in Resources */,
				A1407FFA1831956700A3A430 /* Default.png in Resources */,
				A1407FFC1831956700A3A430 /* Default@2x.png in Resources */,
				A1407FFE1831956700A3A430 /* Default-568h@2x.png in Resources */,
				A14080011831956700A3A430 /* MainStoryboard.storyboard in Resources */,
			);
			runOnlyForDeploymentPostprocessing = 0;
		};
/* End PBXResourcesBuildPhase section */

/* Begin PBXSourcesBuildPhase section */
		A1407FE01831956700A3A430 /* Sources */ = {
			isa = PBXSourcesBuildPhase;
			buildActionMask = 2147483647;
			files = (
				A1407FF41831956700A3A430 /* main.m in Sources */,
				A1407FF81831956700A3A430 /* SetAppDelegate.m in Sources */,
				A14080041831956700A3A430 /* SetViewController.m in Sources */,
			);
			runOnlyForDeploymentPostprocessing = 0;
		};
/* End PBXSourcesBuildPhase section */

/* Begin PBXVariantGroup section */
		A1407FF01831956700A3A430 /* InfoPlist.strings */ = {
			isa = PBXVariantGroup;
			children = (
				A1407FF11831956700A3A430 /* en */,
			);
			name = InfoPlist.strings;
			sourceTree = "<group>";
		};
		A1407FFF1831956700A3A430 /* MainStoryboard.storyboard */ = {
			isa = PBXVariantGroup;
			children = (
				A14080001831956700A3A430 /* en */,
			);
			name = MainStoryboard.storyboard;
			sourceTree = "<group>";
		};
/* End PBXVariantGroup section */

/* Begin XCBuildConfiguration section */
		A14080051831956700A3A430 /* Debug */ = {
			isa = XCBuildConfiguration;
			buildSettings = {
				ALWAYS_SEARCH_USER_PATHS = NO;
				CLANG_CXX_LANGUAGE_STANDARD = "gnu++0x";
				CLANG_CXX_LIBRARY = "libc++";
				CLANG_ENABLE_OBJC_ARC = YES;
				CLANG_WARN_CONSTANT_CONVERSION = YES;
				CLANG_WARN_EMPTY_BODY = YES;
				CLANG_WARN_ENUM_CONVERSION = YES;
				CLANG_WARN_INT_CONVERSION = YES;
				CLANG_WARN__DUPLICATE_METHOD_MATCH = YES;
				"CODE_SIGN_IDENTITY[sdk=iphoneos*]" = "iPhone Developer";
				COPY_PHASE_STRIP = NO;
				GCC_C_LANGUAGE_STANDARD = gnu99;
				GCC_DYNAMIC_NO_PIC = NO;
				GCC_OPTIMIZATION_LEVEL = 0;
				GCC_PREPROCESSOR_DEFINITIONS = (
					"DEBUG=1",
					"$(inherited)",
				);
				GCC_SYMBOLS_PRIVATE_EXTERN = NO;
				GCC_WARN_ABOUT_RETURN_TYPE = YES;
				GCC_WARN_UNINITIALIZED_AUTOS = YES;
				GCC_WARN_UNUSED_VARIABLE = YES;
				IPHONEOS_DEPLOYMENT_TARGET = 6.1;
				ONLY_ACTIVE_ARCH = YES;
				SDKROOT = iphoneos;
			};
			name = Debug;
		};
		A14080061831956700A3A430 /* Release */ = {
			isa = XCBuildConfiguration;
			buildSettings = {
				ALWAYS_SEARCH_USER_PATHS = NO;
				CLANG_CXX_LANGUAGE_STANDARD = "gnu++0x";
				CLANG_CXX_LIBRARY = "libc++";
				CLANG_ENABLE_OBJC_ARC = YES;
				CLANG_WARN_CONSTANT_CONVERSION = YES;
				CLANG_WARN_EMPTY_BODY = YES;
				CLANG_WARN_ENUM_CONVERSION = YES;
				CLANG_WARN_INT_CONVERSION = YES;
				CLANG_WARN__DUPLICATE_METHOD_MATCH = YES;
				"CODE_SIGN_IDENTITY[sdk=iphoneos*]" = "iPhone Developer";
				COPY_PHASE_STRIP = YES;
				GCC_C_LANGUAGE_STANDARD = gnu99;
				GCC_WARN_ABOUT_RETURN_TYPE = YES;
				GCC_WARN_UNINITIALIZED_AUTOS = YES;
				GCC_WARN_UNUSED_VARIABLE = YES;
				IPHONEOS_DEPLOYMENT_TARGET = 6.1;
				OTHER_CFLAGS = "-DNS_BLOCK_ASSERTIONS=1";
				SDKROOT = iphoneos;
				VALIDATE_PRODUCT = YES;
			};
			name = Release;
		};
		A14080081831956700A3A430 /* Debug */ = {
			isa = XCBuildConfiguration;
			buildSettings = {
				GCC_PRECOMPILE_PREFIX_HEADER = YES;
				GCC_PREFIX_HEADER = "PolymorphicSet/PolymorphicSet-Prefix.pch";
				INFOPLIST_FILE = "PolymorphicSet/PolymorphicSet-Info.plist";
				PRODUCT_NAME = "$(TARGET_NAME)";
				WRAPPER_EXTENSION = app;
			};
			name = Debug;
		};
		A14080091831956700A3A430 /* Release */ = {
			isa = XCBuildConfiguration;
			buildSettings = {
				GCC_PRECOMPILE_PREFIX_HEADER = YES;
				GCC_PREFIX_HEADER = "PolymorphicSet/PolymorphicSet-Prefix.pch";
				INFOPLIST_FILE = "PolymorphicSet/PolymorphicSet-Info.plist";
				PRODUCT_NAME = "$(TARGET_NAME)";
				WRAPPER_EXTENSION = app;
			};
			name = Release;
		};
/* End XCBuildConfiguration section */

/* Begin XCConfigurationList section */
		A1407FDF1831956600A3A430 /* Build configuration list for PBXProject "PolymorphicSet" */ = {
			isa = XCConfigurationList;
			buildConfigurations = (
				A14080051831956700A3A430 /* Debug */,
				A14080061831956700A3A430 /* Release */,
			);
			defaultConfigurationIsVisible = 0;
			defaultConfigurationName = Release;
		};
		A14080071831956700A3A430 /* Build configuration list for PBXNativeTarget "PolymorphicSet" */ = {
			isa = XCConfigurationList;
			buildConfigurations = (
				A14080081831956700A3A430 /* Debug */,
				A14080091831956700A3A430 /* Release */,
			);
			defaultConfigurationIsVisible = 0;
		};
/* End XCConfigurationList section */
	};
	rootObject = A1407FDC1831956600A3A430 /* Project object */;
}
